
Microsoft Visual Studio Solution File, Format Version 12.00
# Visual Studio Version 16
VisualStudioVersion = 16.0.31624.102
MinimumVisualStudioVersion = 10.0.40219.1
Project("{FAE04EC0-301F-11D3-BF4B-00C04F79EFBC}") = "SimplePayroll", "SimplePayroll\SimplePayroll.csproj", "{710829D6-5026-4DB6-8EEF-6862340C0235}"
EndProject
Global
	GlobalSection(SolutionConfigurationPlatforms) = preSolution
		Debug|Any CPU = Debug|Any CPU
		Release|Any CPU = Release|Any CPU
	EndGlobalSection
	GlobalSection(ProjectConfigurationPlatforms) = postSolution
		{710829D6-5026-4DB6-8EEF-6862340C0235}.Debug|Any CPU.ActiveCfg = Debug|Any CPU
		{710829D6-5026-4DB6-8EEF-6862340C0235}.Debug|Any CPU.Build.0 = Debug|Any CPU
		{710829D6-5026-4DB6-8EEF-6862340C0235}.Release|Any CPU.ActiveCfg = Release|Any CPU
		{710829D6-5026-4DB6-8EEF-6862340C0235}.Release|Any CPU.Build.0 = Release|Any CPU
	EndGlobalSection
	GlobalSection(SolutionProperties) = preSolution
		HideSolutionNode = FALSE
	EndGlobalSection
	GlobalSection(ExtensibilityGlobals) = postSolution
		SolutionGuid = {862D5309-6399-4DD2-BAE8-D45DEB3A9086}
	EndGlobalSection
EndGlobal
